
Microsoft Visual Studio Solution File, Format Version 12.00
# Visual Studio Version 17
VisualStudioVersion = 17.6.33723.286
MinimumVisualStudioVersion = 10.0.40219.1
Project("{FAE04EC0-301F-11D3-BF4B-00C04F79EFBC}") = "GitWebApp", "GitWebApp\GitWebApp.csproj", "{7B9850EC-172D-4A8D-92DC-4A47FC81BD8B}"
EndProject
Global
	GlobalSection(SolutionConfigurationPlatforms) = preSolution
		Debug|Any CPU = Debug|Any CPU
		Release|Any CPU = Release|Any CPU
	EndGlobalSection
	GlobalSection(ProjectConfigurationPlatforms) = postSolution
		{7B9850EC-172D-4A8D-92DC-4A47FC81BD8B}.Debug|Any CPU.ActiveCfg = Debug|Any CPU
		{7B9850EC-172D-4A8D-92DC-4A47FC81BD8B}.Debug|Any CPU.Build.0 = Debug|Any CPU
		{7B9850EC-172D-4A8D-92DC-4A47FC81BD8B}.Release|Any CPU.ActiveCfg = Release|Any CPU
		{7B9850EC-172D-4A8D-92DC-4A47FC81BD8B}.Release|Any CPU.Build.0 = Release|Any CPU
	EndGlobalSection
	GlobalSection(SolutionProperties) = preSolution
		HideSolutionNode = FALSE
	EndGlobalSection
	GlobalSection(ExtensibilityGlobals) = postSolution
		SolutionGuid = {88A2B507-C6C4-47D2-AB1F-39C0418D8E18}
	EndGlobalSection
EndGlobal
